
Microsoft Visual Studio Solution File, Format Version 12.00
# Visual Studio Version 17
VisualStudioVersion = 17.0.31903.59
MinimumVisualStudioVersion = 10.0.40219.1
Project("{FAE04EC0-301F-11D3-BF4B-00C04F79EFBC}") = "D01", "D01\D01.csproj", "{DF3321D7-69A9-40EB-A85E-9C36F27842D8}"
EndProject
Project("{FAE04EC0-301F-11D3-BF4B-00C04F79EFBC}") = "D02", "D02\D02.csproj", "{79AA4ED4-5539-4BFA-90A6-6CF97DD3808F}"
EndProject
Project("{FAE04EC0-301F-11D3-BF4B-00C04F79EFBC}") = "D03", "D03\D03.csproj", "{4FA25E55-FD16-4BDE-815E-94CB175949E3}"
EndProject
Project("{FAE04EC0-301F-11D3-BF4B-00C04F79EFBC}") = "D04", "D04\D04.csproj", "{E2BD9346-7467-4D8A-9B4C-EA58C1136F75}"
EndProject
Project("{FAE04EC0-301F-11D3-BF4B-00C04F79EFBC}") = "D05", "D05\D05.csproj", "{D54F598F-0FE4-48F3-B303-F7A0FC93D4E9}"
EndProject
Project("{FAE04EC0-301F-11D3-BF4B-00C04F79EFBC}") = "D06", "D06\D06.csproj", "{3D9DDBCD-5D81-496B-A6F2-1350B30AFCB4}"
EndProject
Project("{FAE04EC0-301F-11D3-BF4B-00C04F79EFBC}") = "D07", "D07\D07.csproj", "{270621CF-D017-4A61-9F24-2364149D18D7}"
EndProject
Project("{FAE04EC0-301F-11D3-BF4B-00C04F79EFBC}") = "D08", "D08\D08.csproj", "{EB1AFEE6-6BD2-4AB6-9C93-0B665CE71B55}"
EndProject
Project("{FAE04EC0-301F-11D3-BF4B-00C04F79EFBC}") = "D09", "D09\D09.csproj", "{A60366B1-5E1B-45C0-A772-80D0F78EC51A}"
EndProject
Project("{FAE04EC0-301F-11D3-BF4B-00C04F79EFBC}") = "D10", "D10\D10.csproj", "{CCD29A11-70E9-4884-9E5D-F5D755E9C992}"
EndProject
Project("{FAE04EC0-301F-11D3-BF4B-00C04F79EFBC}") = "D11", "D11\D11.csproj", "{99E8DC89-07D4-4263-9E8D-C7F2710FA839}"
EndProject
Project("{FAE04EC0-301F-11D3-BF4B-00C04F79EFBC}") = "D12", "D12\D12.csproj", "{46D84D96-41C8-45C5-A7E7-CB2E5899FB94}"
EndProject
Project("{FAE04EC0-301F-11D3-BF4B-00C04F79EFBC}") = "D13", "D13\D13.csproj", "{810619EB-BAA8-4A2A-8C3D-013581E4676F}"
EndProject
Project("{FAE04EC0-301F-11D3-BF4B-00C04F79EFBC}") = "D14", "D14\D14.csproj", "{FE5168D5-C54C-4AD8-B471-21501A88CA93}"
EndProject
Project("{FAE04EC0-301F-11D3-BF4B-00C04F79EFBC}") = "D15", "D15\D15.csproj", "{969CABE6-4740-48FB-9937-085357C661C3}"
EndProject
Project("{FAE04EC0-301F-11D3-BF4B-00C04F79EFBC}") = "D16", "D16\D16.csproj", "{1AAFE1DF-C238-40C8-81FC-D6D7946ADEAE}"
EndProject
Project("{FAE04EC0-301F-11D3-BF4B-00C04F79EFBC}") = "D17", "D17\D17.csproj", "{37928039-A234-438C-B59B-A870EFF64369}"
EndProject
Project("{FAE04EC0-301F-11D3-BF4B-00C04F79EFBC}") = "D18", "D18\D18.csproj", "{A9A6D9E2-B5A6-4812-B6AF-45E35754EEEF}"
EndProject
Project("{FAE04EC0-301F-11D3-BF4B-00C04F79EFBC}") = "D19", "D19\D19.csproj", "{D11008FC-52B3-42CF-AFF4-494D17281712}"
EndProject
Project("{FAE04EC0-301F-11D3-BF4B-00C04F79EFBC}") = "D20", "D20\D20.csproj", "{115BED33-4123-4357-A525-2DBE300ABB40}"
EndProject
Project("{FAE04EC0-301F-11D3-BF4B-00C04F79EFBC}") = "D21", "D21\D21.csproj", "{B0874E45-0846-40DA-8134-45C663D17BD9}"
EndProject
Project("{FAE04EC0-301F-11D3-BF4B-00C04F79EFBC}") = "D22", "D22\D22.csproj", "{1E97D03E-929B-44BB-8E5B-5AD41633D717}"
EndProject
Project("{FAE04EC0-301F-11D3-BF4B-00C04F79EFBC}") = "D23", "D23\D23.csproj", "{7E9AE7A6-3E1B-4735-82D2-DBB98F3F4A29}"
EndProject
Project("{FAE04EC0-301F-11D3-BF4B-00C04F79EFBC}") = "D24", "D24\D24.csproj", "{AC2CA33C-2716-4927-AF7E-5D1CE4FD66EF}"
EndProject
Project("{FAE04EC0-301F-11D3-BF4B-00C04F79EFBC}") = "D25", "D25\D25.csproj", "{3D23F86B-F070-4BB0-84C0-136485FF6A9F}"
EndProject
Global
	GlobalSection(SolutionConfigurationPlatforms) = preSolution
		Debug|Any CPU = Debug|Any CPU
		Release|Any CPU = Release|Any CPU
	EndGlobalSection
	GlobalSection(SolutionProperties) = preSolution
		HideSolutionNode = FALSE
	EndGlobalSection
	GlobalSection(ProjectConfigurationPlatforms) = postSolution
		{DF3321D7-69A9-40EB-A85E-9C36F27842D8}.Debug|Any CPU.ActiveCfg = Debug|Any CPU
		{DF3321D7-69A9-40EB-A85E-9C36F27842D8}.Debug|Any CPU.Build.0 = Debug|Any CPU
		{DF3321D7-69A9-40EB-A85E-9C36F27842D8}.Release|Any CPU.ActiveCfg = Release|Any CPU
		{DF3321D7-69A9-40EB-A85E-9C36F27842D8}.Release|Any CPU.Build.0 = Release|Any CPU
		{79AA4ED4-5539-4BFA-90A6-6CF97DD3808F}.Debug|Any CPU.ActiveCfg = Debug|Any CPU
		{79AA4ED4-5539-4BFA-90A6-6CF97DD3808F}.Debug|Any CPU.Build.0 = Debug|Any CPU
		{79AA4ED4-5539-4BFA-90A6-6CF97DD3808F}.Release|Any CPU.ActiveCfg = Release|Any CPU
		{79AA4ED4-5539-4BFA-90A6-6CF97DD3808F}.Release|Any CPU.Build.0 = Release|Any CPU
		{4FA25E55-FD16-4BDE-815E-94CB175949E3}.Debug|Any CPU.ActiveCfg = Debug|Any CPU
		{4FA25E55-FD16-4BDE-815E-94CB175949E3}.Debug|Any CPU.Build.0 = Debug|Any CPU
		{4FA25E55-FD16-4BDE-815E-94CB175949E3}.Release|Any CPU.ActiveCfg = Release|Any CPU
		{4FA25E55-FD16-4BDE-815E-94CB175949E3}.Release|Any CPU.Build.0 = Release|Any CPU
		{E2BD9346-7467-4D8A-9B4C-EA58C1136F75}.Debug|Any CPU.ActiveCfg = Debug|Any CPU
		{E2BD9346-7467-4D8A-9B4C-EA58C1136F75}.Debug|Any CPU.Build.0 = Debug|Any CPU
		{E2BD9346-7467-4D8A-9B4C-EA58C1136F75}.Release|Any CPU.ActiveCfg = Release|Any CPU
		{E2BD9346-7467-4D8A-9B4C-EA58C1136F75}.Release|Any CPU.Build.0 = Release|Any CPU
		{D54F598F-0FE4-48F3-B303-F7A0FC93D4E9}.Debug|Any CPU.ActiveCfg = Debug|Any CPU
		{D54F598F-0FE4-48F3-B303-F7A0FC93D4E9}.Debug|Any CPU.Build.0 = Debug|Any CPU
		{D54F598F-0FE4-48F3-B303-F7A0FC93D4E9}.Release|Any CPU.ActiveCfg = Release|Any CPU
		{D54F598F-0FE4-48F3-B303-F7A0FC93D4E9}.Release|Any CPU.Build.0 = Release|Any CPU
		{3D9DDBCD-5D81-496B-A6F2-1350B30AFCB4}.Debug|Any CPU.ActiveCfg = Debug|Any CPU
		{3D9DDBCD-5D81-496B-A6F2-1350B30AFCB4}.Debug|Any CPU.Build.0 = Debug|Any CPU
		{3D9DDBCD-5D81-496B-A6F2-1350B30AFCB4}.Release|Any CPU.ActiveCfg = Release|Any CPU
		{3D9DDBCD-5D81-496B-A6F2-1350B30AFCB4}.Release|Any CPU.Build.0 = Release|Any CPU
		{270621CF-D017-4A61-9F24-2364149D18D7}.Debug|Any CPU.ActiveCfg = Debug|Any CPU
		{270621CF-D017-4A61-9F24-2364149D18D7}.Debug|Any CPU.Build.0 = Debug|Any CPU
		{270621CF-D017-4A61-9F24-2364149D18D7}.Release|Any CPU.ActiveCfg = Release|Any CPU
		{270621CF-D017-4A61-9F24-2364149D18D7}.Release|Any CPU.Build.0 = Release|Any CPU
		{EB1AFEE6-6BD2-4AB6-9C93-0B665CE71B55}.Debug|Any CPU.ActiveCfg = Debug|Any CPU
		{EB1AFEE6-6BD2-4AB6-9C93-0B665CE71B55}.Debug|Any CPU.Build.0 = Debug|Any CPU
		{EB1AFEE6-6BD2-4AB6-9C93-0B665CE71B55}.Release|Any CPU.ActiveCfg = Release|Any CPU
		{EB1AFEE6-6BD2-4AB6-9C93-0B665CE71B55}.Release|Any CPU.Build.0 = Release|Any CPU
		{A60366B1-5E1B-45C0-A772-80D0F78EC51A}.Debug|Any CPU.ActiveCfg = Debug|Any CPU
		{A60366B1-5E1B-45C0-A772-80D0F78EC51A}.Debug|Any CPU.Build.0 = Debug|Any CPU
		{A60366B1-5E1B-45C0-A772-80D0F78EC51A}.Release|Any CPU.ActiveCfg = Release|Any CPU
		{A60366B1-5E1B-45C0-A772-80D0F78EC51A}.Release|Any CPU.Build.0 = Release|Any CPU
		{CCD29A11-70E9-4884-9E5D-F5D755E9C992}.Debug|Any CPU.ActiveCfg = Debug|Any CPU
		{CCD29A11-70E9-4884-9E5D-F5D755E9C992}.Debug|Any CPU.Build.0 = Debug|Any CPU
		{CCD29A11-70E9-4884-9E5D-F5D755E9C992}.Release|Any CPU.ActiveCfg = Release|Any CPU
		{CCD29A11-70E9-4884-9E5D-F5D755E9C992}.Release|Any CPU.Build.0 = Release|Any CPU
		{99E8DC89-07D4-4263-9E8D-C7F2710FA839}.Debug|Any CPU.ActiveCfg = Debug|Any CPU
		{99E8DC89-07D4-4263-9E8D-C7F2710FA839}.Debug|Any CPU.Build.0 = Debug|Any CPU
		{99E8DC89-07D4-4263-9E8D-C7F2710FA839}.Release|Any CPU.ActiveCfg = Release|Any CPU
		{99E8DC89-07D4-4263-9E8D-C7F2710FA839}.Release|Any CPU.Build.0 = Release|Any CPU
		{46D84D96-41C8-45C5-A7E7-CB2E5899FB94}.Debug|Any CPU.ActiveCfg = Debug|Any CPU
		{46D84D96-41C8-45C5-A7E7-CB2E5899FB94}.Debug|Any CPU.Build.0 = Debug|Any CPU
		{46D84D96-41C8-45C5-A7E7-CB2E5899FB94}.Release|Any CPU.ActiveCfg = Release|Any CPU
		{46D84D96-41C8-45C5-A7E7-CB2E5899FB94}.Release|Any CPU.Build.0 = Release|Any CPU
		{810619EB-BAA8-4A2A-8C3D-013581E4676F}.Debug|Any CPU.ActiveCfg = Debug|Any CPU
		{810619EB-BAA8-4A2A-8C3D-013581E4676F}.Debug|Any CPU.Build.0 = Debug|Any CPU
		{810619EB-BAA8-4A2A-8C3D-013581E4676F}.Release|Any CPU.ActiveCfg = Release|Any CPU
		{810619EB-BAA8-4A2A-8C3D-013581E4676F}.Release|Any CPU.Build.0 = Release|Any CPU
		{FE5168D5-C54C-4AD8-B471-21501A88CA93}.Debug|Any CPU.ActiveCfg = Debug|Any CPU
		{FE5168D5-C54C-4AD8-B471-21501A88CA93}.Debug|Any CPU.Build.0 = Debug|Any CPU
		{FE5168D5-C54C-4AD8-B471-21501A88CA93}.Release|Any CPU.ActiveCfg = Release|Any CPU
		{FE5168D5-C54C-4AD8-B471-21501A88CA93}.Release|Any CPU.Build.0 = Release|Any CPU
		{969CABE6-4740-48FB-9937-085357C661C3}.Debug|Any CPU.ActiveCfg = Debug|Any CPU
		{969CABE6-4740-48FB-9937-085357C661C3}.Debug|Any CPU.Build.0 = Debug|Any CPU
		{969CABE6-4740-48FB-9937-085357C661C3}.Release|Any CPU.ActiveCfg = Release|Any CPU
		{969CABE6-4740-48FB-9937-085357C661C3}.Release|Any CPU.Build.0 = Release|Any CPU
		{1AAFE1DF-C238-40C8-81FC-D6D7946ADEAE}.Debug|Any CPU.ActiveCfg = Debug|Any CPU
		{1AAFE1DF-C238-40C8-81FC-D6D7946ADEAE}.Debug|Any CPU.Build.0 = Debug|Any CPU
		{1AAFE1DF-C238-40C8-81FC-D6D7946ADEAE}.Release|Any CPU.ActiveCfg = Release|Any CPU
		{1AAFE1DF-C238-40C8-81FC-D6D7946ADEAE}.Release|Any CPU.Build.0 = Release|Any CPU
		{37928039-A234-438C-B59B-A870EFF64369}.Debug|Any CPU.ActiveCfg = Debug|Any CPU
		{37928039-A234-438C-B59B-A870EFF64369}.Debug|Any CPU.Build.0 = Debug|Any CPU
		{37928039-A234-438C-B59B-A870EFF64369}.Release|Any CPU.ActiveCfg = Release|Any CPU
		{37928039-A234-438C-B59B-A870EFF64369}.Release|Any CPU.Build.0 = Release|Any CPU
		{A9A6D9E2-B5A6-4812-B6AF-45E35754EEEF}.Debug|Any CPU.ActiveCfg = Debug|Any CPU
		{A9A6D9E2-B5A6-4812-B6AF-45E35754EEEF}.Debug|Any CPU.Build.0 = Debug|Any CPU
		{A9A6D9E2-B5A6-4812-B6AF-45E35754EEEF}.Release|Any CPU.ActiveCfg = Release|Any CPU
		{A9A6D9E2-B5A6-4812-B6AF-45E35754EEEF}.Release|Any CPU.Build.0 = Release|Any CPU
		{D11008FC-52B3-42CF-AFF4-494D17281712}.Debug|Any CPU.ActiveCfg = Debug|Any CPU
		{D11008FC-52B3-42CF-AFF4-494D17281712}.Debug|Any CPU.Build.0 = Debug|Any CPU
		{D11008FC-52B3-42CF-AFF4-494D17281712}.Release|Any CPU.ActiveCfg = Release|Any CPU
		{D11008FC-52B3-42CF-AFF4-494D17281712}.Release|Any CPU.Build.0 = Release|Any CPU
		{115BED33-4123-4357-A525-2DBE300ABB40}.Debug|Any CPU.ActiveCfg = Debug|Any CPU
		{115BED33-4123-4357-A525-2DBE300ABB40}.Debug|Any CPU.Build.0 = Debug|Any CPU
		{115BED33-4123-4357-A525-2DBE300ABB40}.Release|Any CPU.ActiveCfg = Release|Any CPU
		{115BED33-4123-4357-A525-2DBE300ABB40}.Release|Any CPU.Build.0 = Release|Any CPU
		{B0874E45-0846-40DA-8134-45C663D17BD9}.Debug|Any CPU.ActiveCfg = Debug|Any CPU
		{B0874E45-0846-40DA-8134-45C663D17BD9}.Debug|Any CPU.Build.0 = Debug|Any CPU
		{B0874E45-0846-40DA-8134-45C663D17BD9}.Release|Any CPU.ActiveCfg = Release|Any CPU
		{B0874E45-0846-40DA-8134-45C663D17BD9}.Release|Any CPU.Build.0 = Release|Any CPU
		{1E97D03E-929B-44BB-8E5B-5AD41633D717}.Debug|Any CPU.ActiveCfg = Debug|Any CPU
		{1E97D03E-929B-44BB-8E5B-5AD41633D717}.Debug|Any CPU.Build.0 = Debug|Any CPU
		{1E97D03E-929B-44BB-8E5B-5AD41633D717}.Release|Any CPU.ActiveCfg = Release|Any CPU
		{1E97D03E-929B-44BB-8E5B-5AD41633D717}.Release|Any CPU.Build.0 = Release|Any CPU
		{7E9AE7A6-3E1B-4735-82D2-DBB98F3F4A29}.Debug|Any CPU.ActiveCfg = Debug|Any CPU
		{7E9AE7A6-3E1B-4735-82D2-DBB98F3F4A29}.Debug|Any CPU.Build.0 = Debug|Any CPU
		{7E9AE7A6-3E1B-4735-82D2-DBB98F3F4A29}.Release|Any CPU.ActiveCfg = Release|Any CPU
		{7E9AE7A6-3E1B-4735-82D2-DBB98F3F4A29}.Release|Any CPU.Build.0 = Release|Any CPU
		{AC2CA33C-2716-4927-AF7E-5D1CE4FD66EF}.Debug|Any CPU.ActiveCfg = Debug|Any CPU
		{AC2CA33C-2716-4927-AF7E-5D1CE4FD66EF}.Debug|Any CPU.Build.0 = Debug|Any CPU
		{AC2CA33C-2716-4927-AF7E-5D1CE4FD66EF}.Release|Any CPU.ActiveCfg = Release|Any CPU
		{AC2CA33C-2716-4927-AF7E-5D1CE4FD66EF}.Release|Any CPU.Build.0 = Release|Any CPU
		{3D23F86B-F070-4BB0-84C0-136485FF6A9F}.Debug|Any CPU.ActiveCfg = Debug|Any CPU
		{3D23F86B-F070-4BB0-84C0-136485FF6A9F}.Debug|Any CPU.Build.0 = Debug|Any CPU
		{3D23F86B-F070-4BB0-84C0-136485FF6A9F}.Release|Any CPU.ActiveCfg = Release|Any CPU
		{3D23F86B-F070-4BB0-84C0-136485FF6A9F}.Release|Any CPU.Build.0 = Release|Any CPU
	EndGlobalSection
EndGlobal
